schema: '2.0'
stages:
  download:
    cmd: python3 src/features/download_data.py
    outs:
    - path: data/raw
      md5: 7319718c473f1fd17a58100cb19fa6e7.dir
      size: 5116621947
      nfiles: 101000
  evaluation:
    cmd: python3 src/models/evaluate.py
    deps:
    - path: models/RESNET34
      md5: 7f7c4854af6b98d35c0ae32da7c4db62
      size: 87330537
    - path: src/models/evaluate.py
      md5: dc4d31f350013f65f1896ca8fb8d3463
      size: 2183
    - path: src/models/predict_model.py
      md5: 1f7b36f57b79af0d209d29055b32a137
      size: 1275
  preprocess:
    cmd: python3 src/features/preprocess_data.py
    deps:
    - path: data/raw
      md5: 7319718c473f1fd17a58100cb19fa6e7.dir
      size: 5116621947
      nfiles: 101000
    - path: src/features/preprocess_data.py
      md5: a496bce8331f6a7e8dee3e72cff04c6c
      size: 2188
    outs:
    - path: data/processed
      md5: 4e63dd456566351a3000b0bacbb308eb.dir
      size: 260949534
      nfiles: 30000
  prepare:
    cmd: python3 src/features/torch_to_df_data.py
    deps:
    - path: data/processed
      md5: 7ec8c42e91b792cb76f646d6426319f2.dir
      size: 262096280
      nfiles: 30002
    - path: src/features/torch_to_df_data.py
      md5: e3bfd9d63fb9e28799f12d515d56ed7f
      size: 5133
