schema: '2.0'
stages:
  download:
    cmd: python3 src/features/download_data.py
    outs:
    - path: data/raw
      md5: 7319718c473f1fd17a58100cb19fa6e7.dir
      size: 5116621947
      nfiles: 101000
  evaluation:
    cmd: python3 src/models/evaluate.py
    deps:
    - path: data/test
      md5: 3e49f649b80c28bc7df7d86fd9bab735.dir
      size: 10805229
      nfiles: 36
    - path: models/RESNET34
      md5: 9129e7d674b2166f8334958df5521bbe
      size: 87330537
    - path: src/models/evaluate.py
      md5: dc4d31f350013f65f1896ca8fb8d3463
      size: 2183
    - path: src/models/predict_model.py
      md5: 1f7b36f57b79af0d209d29055b32a137
      size: 1275
    outs:
    - path: data/test
      md5: 3e49f649b80c28bc7df7d86fd9bab735.dir
      size: 10805229
      nfiles: 36
  preprocess:
    cmd: python3 src/features/preprocess_data.py
    deps:
    - path: data/raw
      md5: 5a229a3451068c53daf7c2633b3ca885.dir
      size: 5116622108
      nfiles: 101001
    - path: src/features/preprocess_data.py
      md5: a496bce8331f6a7e8dee3e72cff04c6c
      size: 2188
    outs:
    - path: data/processed
      md5: d4a247e1dc943d94f019cf5e621b0547.dir
      size: 261075505
      nfiles: 30000
  prepare:
    cmd: python3 src/features/torch_to_df_data.py
    deps:
    - path: data/processed
      md5: d4a247e1dc943d94f019cf5e621b0547.dir
      size: 261075505
      nfiles: 30000
    - path: src/features/torch_to_df_data.py
      md5: a8956bfdacd33f736d503613c66cb93f
      size: 5318
    outs:
    - path: data/features
      md5: 853aa8140722c686ebd295528a370046.dir
      size: 1146831
      nfiles: 2
